PODS:
  - PodTest (1.0.1):
    - PodTest/A (= 1.0.1)
    - PodTest/B (= 1.0.1)
    - PodTest/C (= 1.0.1)
  - PodTest/A (1.0.1)
  - PodTest/B (1.0.1)
  - PodTest/C (1.0.1)

DEPENDENCIES:
  - PodTest (from `../`)

EXTERNAL SOURCES:
  PodTest:
    :path: ../

SPEC CHECKSUMS:
  PodTest: a0b3774bfcccb8f5ec735fea47af7ee2bbbccf65

PODFILE CHECKSUM: 09838801336d37dd6198d574707228cf70743751

COCOAPODS: 1.2.1
